// !$*UTF8*$!
{
	archiveVersion = 1;
	classes = {
	};
	objectVersion = 56;
	objects = {

/* Begin PBXBuildFile section */
		A30000000000000000000001 /* AppDelegate.swift in Sources */ = {isa = PBXBuildFile; fileRef = A20000000000000000000001 /* AppDelegate.swift */; };
		A30000000000000000000002 /* ClockScreen.swift in Sources */ = {isa = PBXBuildFile; fileRef = A20000000000000000000002 /* ClockScreen.swift */; };
		A30000000000000000000003 /* ColorHex.swift in Sources */ = {isa = PBXBuildFile; fileRef = A20000000000000000000003 /* ColorHex.swift */; };
		A30000000000000000000004 /* SleepAppModel.swift in Sources */ = {isa = PBXBuildFile; fileRef = A20000000000000000000005 /* SleepAppModel.swift */; };
		A30000000000000000000005 /* SleepAudioEngine.swift in Sources */ = {isa = PBXBuildFile; fileRef = A20000000000000000000006 /* SleepAudioEngine.swift */; };
		A30000000000000000000006 /* SleepCompanionApp.swift in Sources */ = {isa = PBXBuildFile; fileRef = A20000000000000000000007 /* SleepCompanionApp.swift */; };
		A30000000000000000000007 /* Assets.xcassets in Resources */ = {isa = PBXBuildFile; fileRef = A20000000000000000000008 /* Assets.xcassets */; };
		A30000000000000000000008 /* SleepCompanionUITests.swift in Sources */ = {isa = PBXBuildFile; fileRef = A20000000000000000000009 /* SleepCompanionUITests.swift */; };
		A30000000000000000000009 /* LaunchScreen.storyboard in Resources */ = {isa = PBXBuildFile; fileRef = A20000000000000000000010 /* LaunchScreen.storyboard */; };
		C30000000000000000000001 /* AppSettings.swift in Sources */ = {isa = PBXBuildFile; fileRef = C20000000000000000000001 /* AppSettings.swift */; };
		C30000000000000000000002 /* AppSettingsStore.swift in Sources */ = {isa = PBXBuildFile; fileRef = C20000000000000000000002 /* AppSettingsStore.swift */; };
		C30000000000000000000003 /* ClockFaceSettings.swift in Sources */ = {isa = PBXBuildFile; fileRef = C20000000000000000000003 /* ClockFaceSettings.swift */; };
		C30000000000000000000004 /* FrequencyMapping.swift in Sources */ = {isa = PBXBuildFile; fileRef = C20000000000000000000004 /* FrequencyMapping.swift */; };
		C30000000000000000000005 /* SleepToneDSP.swift in Sources */ = {isa = PBXBuildFile; fileRef = C20000000000000000000005 /* SleepToneDSP.swift */; };
		C30000000000000000000006 /* SoundParameters.swift in Sources */ = {isa = PBXBuildFile; fileRef = C20000000000000000000006 /* SoundParameters.swift */; };
		C30000000000000000000007 /* SoundPresetDefinition.swift in Sources */ = {isa = PBXBuildFile; fileRef = C20000000000000000000007 /* SoundPresetDefinition.swift */; };
		C30000000000000000000008 /* WakeTime.swift in Sources */ = {isa = PBXBuildFile; fileRef = C20000000000000000000008 /* WakeTime.swift */; };
		C30000000000000000000009 /* SavedPresetDefinition.swift in Sources */ = {isa = PBXBuildFile; fileRef = C20000000000000000000009 /* SavedPresetDefinition.swift */; };
/* End PBXBuildFile section */

/* Begin PBXContainerItemProxy section */
		A50000000000000000000001 /* PBXContainerItemProxy */ = {
			isa = PBXContainerItemProxy;
			containerPortal = A00000000000000000000001 /* Project object */;
			proxyType = 1;
			remoteGlobalIDString = A00000000000000000000010;
			remoteInfo = SleepCompanion;
		};
/* End PBXContainerItemProxy section */

/* Begin PBXFileReference section */
		A10000000000000000000001 /* SleepCompanion.app */ = {isa = PBXFileReference; explicitFileType = wrapper.application; includeInIndex = 0; path = SleepCompanion.app; sourceTree = BUILT_PRODUCTS_DIR; };
		A10000000000000000000002 /* SleepCompanionUITests.xctest */ = {isa = PBXFileReference; explicitFileType = wrapper.cfbundle; includeInIndex = 0; path = SleepCompanionUITests.xctest; sourceTree = BUILT_PRODUCTS_DIR; };
		A20000000000000000000001 /* AppDelegate.swift */ = {isa = PBXFileReference; lastKnownFileType = sourcecode.swift; path = AppDelegate.swift; sourceTree = "<group>"; };
		A20000000000000000000002 /* ClockScreen.swift */ = {isa = PBXFileReference; lastKnownFileType = sourcecode.swift; path = ClockScreen.swift; sourceTree = "<group>"; };
		A20000000000000000000003 /* ColorHex.swift */ = {isa = PBXFileReference; lastKnownFileType = sourcecode.swift; path = ColorHex.swift; sourceTree = "<group>"; };
		A20000000000000000000004 /* Info.plist */ = {isa = PBXFileReference; lastKnownFileType = text.plist.xml; path = Info.plist; sourceTree = "<group>"; };
		A20000000000000000000005 /* SleepAppModel.swift */ = {isa = PBXFileReference; lastKnownFileType = sourcecode.swift; path = SleepAppModel.swift; sourceTree = "<group>"; };
		A20000000000000000000006 /* SleepAudioEngine.swift */ = {isa = PBXFileReference; lastKnownFileType = sourcecode.swift; path = SleepAudioEngine.swift; sourceTree = "<group>"; };
		A20000000000000000000007 /* SleepCompanionApp.swift */ = {isa = PBXFileReference; lastKnownFileType = sourcecode.swift; path = SleepCompanionApp.swift; sourceTree = "<group>"; };
		A20000000000000000000008 /* Assets.xcassets */ = {isa = PBXFileReference; lastKnownFileType = folder.assetcatalog; path = Assets.xcassets; sourceTree = "<group>"; };
		A20000000000000000000009 /* SleepCompanionUITests.swift */ = {isa = PBXFileReference; lastKnownFileType = sourcecode.swift; path = SleepCompanionUITests.swift; sourceTree = "<group>"; };
		A20000000000000000000010 /* LaunchScreen.storyboard */ = {isa = PBXFileReference; lastKnownFileType = file.storyboard; path = Base.lproj/LaunchScreen.storyboard; sourceTree = "<group>"; };
		C20000000000000000000001 /* AppSettings.swift */ = {isa = PBXFileReference; lastKnownFileType = sourcecode.swift; path = ../SleepCompanionCore/Sources/SleepCompanionCore/AppSettings.swift; sourceTree = "<group>"; };
		C20000000000000000000002 /* AppSettingsStore.swift */ = {isa = PBXFileReference; lastKnownFileType = sourcecode.swift; path = ../SleepCompanionCore/Sources/SleepCompanionCore/AppSettingsStore.swift; sourceTree = "<group>"; };
		C20000000000000000000003 /* ClockFaceSettings.swift */ = {isa = PBXFileReference; lastKnownFileType = sourcecode.swift; path = ../SleepCompanionCore/Sources/SleepCompanionCore/ClockFaceSettings.swift; sourceTree = "<group>"; };
		C20000000000000000000004 /* FrequencyMapping.swift */ = {isa = PBXFileReference; lastKnownFileType = sourcecode.swift; path = ../SleepCompanionCore/Sources/SleepCompanionCore/FrequencyMapping.swift; sourceTree = "<group>"; };
		C20000000000000000000005 /* SleepToneDSP.swift */ = {isa = PBXFileReference; lastKnownFileType = sourcecode.swift; path = ../SleepCompanionCore/Sources/SleepCompanionCore/SleepToneDSP.swift; sourceTree = "<group>"; };
		C20000000000000000000006 /* SoundParameters.swift */ = {isa = PBXFileReference; lastKnownFileType = sourcecode.swift; path = ../SleepCompanionCore/Sources/SleepCompanionCore/SoundParameters.swift; sourceTree = "<group>"; };
		C20000000000000000000007 /* SoundPresetDefinition.swift */ = {isa = PBXFileReference; lastKnownFileType = sourcecode.swift; path = ../SleepCompanionCore/Sources/SleepCompanionCore/SoundPresetDefinition.swift; sourceTree = "<group>"; };
		C20000000000000000000008 /* WakeTime.swift */ = {isa = PBXFileReference; lastKnownFileType = sourcecode.swift; path = ../SleepCompanionCore/Sources/SleepCompanionCore/WakeTime.swift; sourceTree = "<group>"; };
		C20000000000000000000009 /* SavedPresetDefinition.swift */ = {isa = PBXFileReference; lastKnownFileType = sourcecode.swift; path = ../SleepCompanionCore/Sources/SleepCompanionCore/SavedPresetDefinition.swift; sourceTree = "<group>"; };
/* End PBXFileReference section */

/* Begin PBXFrameworksBuildPhase section */
		A40000000000000000000003 /* Frameworks */ = {
			isa = PBXFrameworksBuildPhase;
			buildActionMask = 2147483647;
			files = (
			);
			runOnlyForDeploymentPostprocessing = 0;
		};
		A40000000000000000000006 /* Frameworks */ = {
			isa = PBXFrameworksBuildPhase;
			buildActionMask = 2147483647;
			files = (
			);
			runOnlyForDeploymentPostprocessing = 0;
		};
/* End PBXFrameworksBuildPhase section */

/* Begin PBXGroup section */
		A00000000000000000000002 = {
			isa = PBXGroup;
			children = (
				A00000000000000000000004 /* SleepCompanion */,
				A00000000000000000000005 /* SleepCompanionUITests */,
				A00000000000000000000006 /* SleepCompanionCore */,
				A00000000000000000000003 /* Products */,
			);
			sourceTree = "<group>";
		};
		A00000000000000000000003 /* Products */ = {
			isa = PBXGroup;
			children = (
				A10000000000000000000001 /* SleepCompanion.app */,
				A10000000000000000000002 /* SleepCompanionUITests.xctest */,
			);
			name = Products;
			sourceTree = "<group>";
		};
		A00000000000000000000004 /* SleepCompanion */ = {
			isa = PBXGroup;
			children = (
				A20000000000000000000001 /* AppDelegate.swift */,
				A20000000000000000000002 /* ClockScreen.swift */,
				A20000000000000000000003 /* ColorHex.swift */,
				A20000000000000000000004 /* Info.plist */,
				A20000000000000000000005 /* SleepAppModel.swift */,
				A20000000000000000000006 /* SleepAudioEngine.swift */,
				A20000000000000000000007 /* SleepCompanionApp.swift */,
				A20000000000000000000008 /* Assets.xcassets */,
				A20000000000000000000010 /* LaunchScreen.storyboard */,
			);
			path = SleepCompanion;
			sourceTree = "<group>";
		};
		A00000000000000000000005 /* SleepCompanionUITests */ = {
			isa = PBXGroup;
			children = (
				A20000000000000000000009 /* SleepCompanionUITests.swift */,
			);
			path = SleepCompanionUITests;
			sourceTree = "<group>";
		};
		A00000000000000000000006 /* SleepCompanionCore */ = {
			isa = PBXGroup;
			children = (
				C20000000000000000000001 /* AppSettings.swift */,
				C20000000000000000000002 /* AppSettingsStore.swift */,
				C20000000000000000000003 /* ClockFaceSettings.swift */,
				C20000000000000000000004 /* FrequencyMapping.swift */,
				C20000000000000000000005 /* SleepToneDSP.swift */,
				C20000000000000000000009 /* SavedPresetDefinition.swift */,
				C20000000000000000000006 /* SoundParameters.swift */,
				C20000000000000000000007 /* SoundPresetDefinition.swift */,
				C20000000000000000000008 /* WakeTime.swift */,
			);
			name = SleepCompanionCore;
			sourceTree = "<group>";
		};
/* End PBXGroup section */

/* Begin PBXNativeTarget section */
		A00000000000000000000010 /* SleepCompanion */ = {
			isa = PBXNativeTarget;
			buildConfigurationList = A60000000000000000000002 /* Build configuration list for PBXNativeTarget "SleepCompanion" */;
			buildPhases = (
				A40000000000000000000001 /* Sources */,
				A40000000000000000000003 /* Frameworks */,
				A40000000000000000000002 /* Resources */,
			);
			buildRules = (
			);
			dependencies = (
			);
			name = SleepCompanion;
			productName = SleepCompanion;
			productReference = A10000000000000000000001 /* SleepCompanion.app */;
			productType = "com.apple.product-type.application";
		};
		A00000000000000000000011 /* SleepCompanionUITests */ = {
			isa = PBXNativeTarget;
			buildConfigurationList = A60000000000000000000003 /* Build configuration list for PBXNativeTarget "SleepCompanionUITests" */;
			buildPhases = (
				A40000000000000000000004 /* Sources */,
				A40000000000000000000006 /* Frameworks */,
				A40000000000000000000005 /* Resources */,
			);
			buildRules = (
			);
			dependencies = (
				A50000000000000000000002 /* PBXTargetDependency */,
			);
			name = SleepCompanionUITests;
			productName = SleepCompanionUITests;
			productReference = A10000000000000000000002 /* SleepCompanionUITests.xctest */;
			productType = "com.apple.product-type.bundle.ui-testing";
		};
/* End PBXNativeTarget section */

/* Begin PBXProject section */
		A00000000000000000000001 /* Project object */ = {
			isa = PBXProject;
			attributes = {
				BuildIndependentTargetsInParallel = 1;
				LastSwiftUpdateCheck = 1640;
				LastUpgradeCheck = 1640;
				TargetAttributes = {
					A00000000000000000000010 = {
						CreatedOnToolsVersion = 16.4;
					};
					A00000000000000000000011 = {
						CreatedOnToolsVersion = 16.4;
						TestTargetID = A00000000000000000000010;
					};
				};
			};
			buildConfigurationList = A60000000000000000000001 /* Build configuration list for PBXProject "SleepCompanion" */;
			compatibilityVersion = "Xcode 14.0";
			developmentRegion = en;
			hasScannedForEncodings = 0;
			knownRegions = (
				en,
				Base,
			);
			mainGroup = A00000000000000000000002;
			productRefGroup = A00000000000000000000003 /* Products */;
			projectDirPath = "";
			projectRoot = "";
			targets = (
				A00000000000000000000010 /* SleepCompanion */,
				A00000000000000000000011 /* SleepCompanionUITests */,
			);
		};
/* End PBXProject section */

/* Begin PBXResourcesBuildPhase section */
		A40000000000000000000002 /* Resources */ = {
			isa = PBXResourcesBuildPhase;
			buildActionMask = 2147483647;
			files = (
				A30000000000000000000007 /* Assets.xcassets in Resources */,
				A30000000000000000000009 /* LaunchScreen.storyboard in Resources */,
			);
			runOnlyForDeploymentPostprocessing = 0;
		};
		A40000000000000000000005 /* Resources */ = {
			isa = PBXResourcesBuildPhase;
			buildActionMask = 2147483647;
			files = (
			);
			runOnlyForDeploymentPostprocessing = 0;
		};
/* End PBXResourcesBuildPhase section */

/* Begin PBXSourcesBuildPhase section */
		A40000000000000000000001 /* Sources */ = {
			isa = PBXSourcesBuildPhase;
			buildActionMask = 2147483647;
			files = (
				C30000000000000000000001 /* AppSettings.swift in Sources */,
				C30000000000000000000002 /* AppSettingsStore.swift in Sources */,
				C30000000000000000000003 /* ClockFaceSettings.swift in Sources */,
				C30000000000000000000004 /* FrequencyMapping.swift in Sources */,
				C30000000000000000000005 /* SleepToneDSP.swift in Sources */,
				C30000000000000000000009 /* SavedPresetDefinition.swift in Sources */,
				C30000000000000000000006 /* SoundParameters.swift in Sources */,
				C30000000000000000000007 /* SoundPresetDefinition.swift in Sources */,
				C30000000000000000000008 /* WakeTime.swift in Sources */,
				A30000000000000000000001 /* AppDelegate.swift in Sources */,
				A30000000000000000000002 /* ClockScreen.swift in Sources */,
				A30000000000000000000003 /* ColorHex.swift in Sources */,
				A30000000000000000000004 /* SleepAppModel.swift in Sources */,
				A30000000000000000000005 /* SleepAudioEngine.swift in Sources */,
				A30000000000000000000006 /* SleepCompanionApp.swift in Sources */,
			);
			runOnlyForDeploymentPostprocessing = 0;
		};
		A40000000000000000000004 /* Sources */ = {
			isa = PBXSourcesBuildPhase;
			buildActionMask = 2147483647;
			files = (
				A30000000000000000000008 /* SleepCompanionUITests.swift in Sources */,
			);
			runOnlyForDeploymentPostprocessing = 0;
		};
/* End PBXSourcesBuildPhase section */

/* Begin PBXTargetDependency section */
		A50000000000000000000002 /* PBXTargetDependency */ = {
			isa = PBXTargetDependency;
			target = A00000000000000000000010 /* SleepCompanion */;
			targetProxy = A50000000000000000000001 /* PBXContainerItemProxy */;
		};
/* End PBXTargetDependency section */

/* Begin XCBuildConfiguration section */
		A70000000000000000000001 /* Debug */ = {
			isa = XCBuildConfiguration;
			buildSettings = {
				ALWAYS_SEARCH_USER_PATHS = NO;
				CLANG_ANALYZER_NONNULL = YES;
				CLANG_ANALYZER_NUMBER_OBJECT_CONVERSION = YES_AGGRESSIVE;
				CLANG_CXX_LANGUAGE_STANDARD = "gnu++20";
				CLANG_ENABLE_MODULES = YES;
				CLANG_ENABLE_OBJC_ARC = YES;
				CLANG_ENABLE_OBJC_WEAK = YES;
				CLANG_WARN_BLOCK_CAPTURE_AUTORELEASING = YES;
				CLANG_WARN_BOOL_CONVERSION = YES;
				CLANG_WARN_COMMA = YES;
				CLANG_WARN_CONSTANT_CONVERSION = YES;
				CLANG_WARN_DEPRECATED_OBJC_IMPLEMENTATIONS = YES;
				CLANG_WARN_DIRECT_OBJC_ISA_USAGE = YES_ERROR;
				CLANG_WARN_DOCUMENTATION_COMMENTS = YES;
				CLANG_WARN_EMPTY_BODY = YES;
				CLANG_WARN_ENUM_CONVERSION = YES;
				CLANG_WARN_INFINITE_RECURSION = YES;
				CLANG_WARN_INT_CONVERSION = YES;
				CLANG_WARN_NON_LITERAL_NULL_CONVERSION = YES;
				CLANG_WARN_OBJC_IMPLICIT_RETAIN_SELF = YES;
				CLANG_WARN_OBJC_LITERAL_CONVERSION = YES;
				CLANG_WARN_OBJC_ROOT_CLASS = YES_ERROR;
				CLANG_WARN_QUOTED_INCLUDE_IN_FRAMEWORK_HEADER = YES;
				CLANG_WARN_RANGE_LOOP_ANALYSIS = YES;
				CLANG_WARN_STRICT_PROTOTYPES = YES;
				CLANG_WARN_SUSPICIOUS_MOVE = YES;
				CLANG_WARN_UNGUARDED_AVAILABILITY = YES_AGGRESSIVE;
				CLANG_WARN_UNREACHABLE_CODE = YES;
				CLANG_WARN__DUPLICATE_METHOD_MATCH = YES;
				COPY_PHASE_STRIP = NO;
				DEBUG_INFORMATION_FORMAT = dwarf;
				ENABLE_STRICT_OBJC_MSGSEND = YES;
				ENABLE_TESTABILITY = YES;
				GCC_C_LANGUAGE_STANDARD = gnu17;
				GCC_DYNAMIC_NO_PIC = NO;
				GCC_NO_COMMON_BLOCKS = YES;
				GCC_OPTIMIZATION_LEVEL = 0;
				GCC_PREPROCESSOR_DEFINITIONS = (
					"DEBUG=1",
					"$(inherited)",
				);
				GCC_WARN_64_TO_32_BIT_CONVERSION = YES;
				GCC_WARN_ABOUT_RETURN_TYPE = YES_ERROR;
				GCC_WARN_UNDECLARED_SELECTOR = YES;
				GCC_WARN_UNINITIALIZED_AUTOS = YES_AGGRESSIVE;
				GCC_WARN_UNUSED_FUNCTION = YES;
				GCC_WARN_UNUSED_VARIABLE = YES;
				IPHONEOS_DEPLOYMENT_TARGET = 17.0;
				MTL_ENABLE_DEBUG_INFO = INCLUDE_SOURCE;
				MTL_FAST_MATH = YES;
				ONLY_ACTIVE_ARCH = YES;
				SDKROOT = iphoneos;
				SWIFT_ACTIVE_COMPILATION_CONDITIONS = DEBUG;
				SWIFT_OPTIMIZATION_LEVEL = "-Onone";
			};
			name = Debug;
		};
		A70000000000000000000002 /* Release */ = {
			isa = XCBuildConfiguration;
			buildSettings = {
				ALWAYS_SEARCH_USER_PATHS = NO;
				CLANG_ANALYZER_NONNULL = YES;
				CLANG_ANALYZER_NUMBER_OBJECT_CONVERSION = YES_AGGRESSIVE;
				CLANG_CXX_LANGUAGE_STANDARD = "gnu++20";
				CLANG_ENABLE_MODULES = YES;
				CLANG_ENABLE_OBJC_ARC = YES;
				CLANG_ENABLE_OBJC_WEAK = YES;
				CLANG_WARN_BLOCK_CAPTURE_AUTORELEASING = YES;
				CLANG_WARN_BOOL_CONVERSION = YES;
				CLANG_WARN_COMMA = YES;
				CLANG_WARN_CONSTANT_CONVERSION = YES;
				CLANG_WARN_DEPRECATED_OBJC_IMPLEMENTATIONS = YES;
				CLANG_WARN_DIRECT_OBJC_ISA_USAGE = YES_ERROR;
				CLANG_WARN_DOCUMENTATION_COMMENTS = YES;
				CLANG_WARN_EMPTY_BODY = YES;
				CLANG_WARN_ENUM_CONVERSION = YES;
				CLANG_WARN_INFINITE_RECURSION = YES;
				CLANG_WARN_INT_CONVERSION = YES;
				CLANG_WARN_NON_LITERAL_NULL_CONVERSION = YES;
				CLANG_WARN_OBJC_IMPLICIT_RETAIN_SELF = YES;
				CLANG_WARN_OBJC_LITERAL_CONVERSION = YES;
				CLANG_WARN_OBJC_ROOT_CLASS = YES_ERROR;
				CLANG_WARN_QUOTED_INCLUDE_IN_FRAMEWORK_HEADER = YES;
				CLANG_WARN_RANGE_LOOP_ANALYSIS = YES;
				CLANG_WARN_STRICT_PROTOTYPES = YES;
				CLANG_WARN_SUSPICIOUS_MOVE = YES;
				CLANG_WARN_UNGUARDED_AVAILABILITY = YES_AGGRESSIVE;
				CLANG_WARN_UNREACHABLE_CODE = YES;
				CLANG_WARN__DUPLICATE_METHOD_MATCH = YES;
				COPY_PHASE_STRIP = NO;
				DEBUG_INFORMATION_FORMAT = "dwarf-with-dsym";
				ENABLE_NS_ASSERTIONS = NO;
				ENABLE_STRICT_OBJC_MSGSEND = YES;
				GCC_C_LANGUAGE_STANDARD = gnu17;
				GCC_NO_COMMON_BLOCKS = YES;
				GCC_WARN_64_TO_32_BIT_CONVERSION = YES;
				GCC_WARN_ABOUT_RETURN_TYPE = YES_ERROR;
				GCC_WARN_UNDECLARED_SELECTOR = YES;
				GCC_WARN_UNINITIALIZED_AUTOS = YES_AGGRESSIVE;
				GCC_WARN_UNUSED_FUNCTION = YES;
				GCC_WARN_UNUSED_VARIABLE = YES;
				IPHONEOS_DEPLOYMENT_TARGET = 17.0;
				MTL_ENABLE_DEBUG_INFO = NO;
				MTL_FAST_MATH = YES;
				SDKROOT = iphoneos;
				SWIFT_COMPILATION_MODE = wholemodule;
				VALIDATE_PRODUCT = YES;
			};
			name = Release;
		};
		A70000000000000000000003 /* Debug */ = {
			isa = XCBuildConfiguration;
			buildSettings = {
				CODE_SIGN_STYLE = Automatic;
				CURRENT_PROJECT_VERSION = 1;
				DEVELOPMENT_TEAM = "";
				GENERATE_INFOPLIST_FILE = NO;
				INFOPLIST_FILE = SleepCompanion/Info.plist;
				IPHONEOS_DEPLOYMENT_TARGET = 17.0;
				MARKETING_VERSION = 1.0;
				PRODUCT_BUNDLE_IDENTIFIER = com.example.SleepCompanion;
				PRODUCT_NAME = "$(TARGET_NAME)";
				SUPPORTED_PLATFORMS = "iphoneos iphonesimulator";
				SUPPORTS_MACCATALYST = NO;
				SUPPORTS_MAC_DESIGNED_FOR_IPHONE_IPAD = NO;
				SWIFT_EMIT_LOC_STRINGS = YES;
				SWIFT_VERSION = 5.0;
				TARGETED_DEVICE_FAMILY = 2;
			};
			name = Debug;
		};
		A70000000000000000000004 /* Release */ = {
			isa = XCBuildConfiguration;
			buildSettings = {
				CODE_SIGN_STYLE = Automatic;
				CURRENT_PROJECT_VERSION = 1;
				DEVELOPMENT_TEAM = "";
				GENERATE_INFOPLIST_FILE = NO;
				INFOPLIST_FILE = SleepCompanion/Info.plist;
				IPHONEOS_DEPLOYMENT_TARGET = 17.0;
				MARKETING_VERSION = 1.0;
				PRODUCT_BUNDLE_IDENTIFIER = com.example.SleepCompanion;
				PRODUCT_NAME = "$(TARGET_NAME)";
				SUPPORTED_PLATFORMS = "iphoneos iphonesimulator";
				SUPPORTS_MACCATALYST = NO;
				SUPPORTS_MAC_DESIGNED_FOR_IPHONE_IPAD = NO;
				SWIFT_EMIT_LOC_STRINGS = YES;
				SWIFT_VERSION = 5.0;
				TARGETED_DEVICE_FAMILY = 2;
			};
			name = Release;
		};
		A70000000000000000000005 /* Debug */ = {
			isa = XCBuildConfiguration;
			buildSettings = {
				CODE_SIGN_STYLE = Automatic;
				CURRENT_PROJECT_VERSION = 1;
				DEVELOPMENT_TEAM = "";
				GENERATE_INFOPLIST_FILE = YES;
				IPHONEOS_DEPLOYMENT_TARGET = 17.0;
				MARKETING_VERSION = 1.0;
				PRODUCT_BUNDLE_IDENTIFIER = com.example.SleepCompanionUITests;
				PRODUCT_NAME = "$(TARGET_NAME)";
				SUPPORTED_PLATFORMS = "iphoneos iphonesimulator";
				SUPPORTS_MACCATALYST = NO;
				SUPPORTS_MAC_DESIGNED_FOR_IPHONE_IPAD = NO;
				SWIFT_VERSION = 5.0;
				TARGETED_DEVICE_FAMILY = 2;
				TEST_TARGET_NAME = SleepCompanion;
			};
			name = Debug;
		};
		A70000000000000000000006 /* Release */ = {
			isa = XCBuildConfiguration;
			buildSettings = {
				CODE_SIGN_STYLE = Automatic;
				CURRENT_PROJECT_VERSION = 1;
				DEVELOPMENT_TEAM = "";
				GENERATE_INFOPLIST_FILE = YES;
				IPHONEOS_DEPLOYMENT_TARGET = 17.0;
				MARKETING_VERSION = 1.0;
				PRODUCT_BUNDLE_IDENTIFIER = com.example.SleepCompanionUITests;
				PRODUCT_NAME = "$(TARGET_NAME)";
				SUPPORTED_PLATFORMS = "iphoneos iphonesimulator";
				SUPPORTS_MACCATALYST = NO;
				SUPPORTS_MAC_DESIGNED_FOR_IPHONE_IPAD = NO;
				SWIFT_VERSION = 5.0;
				TARGETED_DEVICE_FAMILY = 2;
				TEST_TARGET_NAME = SleepCompanion;
			};
			name = Release;
		};
/* End XCBuildConfiguration section */

/* Begin XCConfigurationList section */
		A60000000000000000000001 /* Build configuration list for PBXProject "SleepCompanion" */ = {
			isa = XCConfigurationList;
			buildConfigurations = (
				A70000000000000000000001 /* Debug */,
				A70000000000000000000002 /* Release */,
			);
			defaultConfigurationIsVisible = 0;
			defaultConfigurationName = Release;
		};
		A60000000000000000000002 /* Build configuration list for PBXNativeTarget "SleepCompanion" */ = {
			isa = XCConfigurationList;
			buildConfigurations = (
				A70000000000000000000003 /* Debug */,
				A70000000000000000000004 /* Release */,
			);
			defaultConfigurationIsVisible = 0;
			defaultConfigurationName = Release;
		};
		A60000000000000000000003 /* Build configuration list for PBXNativeTarget "SleepCompanionUITests" */ = {
			isa = XCConfigurationList;
			buildConfigurations = (
				A70000000000000000000005 /* Debug */,
				A70000000000000000000006 /* Release */,
			);
			defaultConfigurationIsVisible = 0;
			defaultConfigurationName = Release;
		};
/* End XCConfigurationList section */
	};
	rootObject = A00000000000000000000001 /* Project object */;
}
